
Microsoft Visual Studio Solution File, Format Version 11.00
# Visual Studio 2010
Project("{FAE04EC0-301F-11D3-BF4B-00C04F79EFBC}") = "SharpZipLib.Silverlight4", "SharpZipLib.Silverlight\SharpZipLib.Silverlight4.csproj", "{8B7CF854-73A1-4882-B317-07625C13A425}"
EndProject
Project("{FAE04EC0-301F-11D3-BF4B-00C04F79EFBC}") = "SharpZipLib.Silverlight.Tests_NUnit4", "SharpZipLib.Silverlight.Tests_NUnit\SharpZipLib.Silverlight.Tests_NUnit4.csproj", "{7A716FCC-7C1A-47FD-A0C2-084598D394EC}"
EndProject
Project("{FAE04EC0-301F-11D3-BF4B-00C04F79EFBC}") = "SharpZipLib.Silverlight.Tests_Silverlight4", "SharpZipLib.Silverlight.Tests_Silverlight4\SharpZipLib.Silverlight.Tests_Silverlight4.csproj", "{3A9A8C38-EF8D-4775-9347-EB1A1C63D6F5}"
EndProject
Project("{FAE04EC0-301F-11D3-BF4B-00C04F79EFBC}") = "SharpZipLib.Silverlight.Tests_Silverlight4_OOB", "SharpZipLib.Silverlight.Tests_Silverlight4_OOB\SharpZipLib.Silverlight.Tests_Silverlight4_OOB.csproj", "{86D9D917-F4FC-45BF-89DD-B3C618952438}"
EndProject
Project("{FAE04EC0-301F-11D3-BF4B-00C04F79EFBC}") = "SharpZipLib.Silverlight.Tests_NUnit3", "SharpZipLib.Silverlight.Tests_NUnit\SharpZipLib.Silverlight.Tests_NUnit3.csproj", "{7012523D-758D-4270-B4B0-8D85A0BD3EF2}"
EndProject
Project("{2150E333-8FDC-42A3-9474-1A3956D46DE8}") = "Silverlight3", "Silverlight3", "{9505CDBA-9F76-4AFD-B585-64D9D78B9F16}"
EndProject
Project("{2150E333-8FDC-42A3-9474-1A3956D46DE8}") = "Silverlight4", "Silverlight4", "{1331081B-02E6-4913-A5E8-4263F918F753}"
EndProject
Project("{FAE04EC0-301F-11D3-BF4B-00C04F79EFBC}") = "SharpZipLib.WindowsPhone7", "SharpZipLib.Silverlight\SharpZipLib.WindowsPhone7.csproj", "{7B257BE0-BAA4-4877-800C-05DDDAFB6443}"
EndProject
Project("{2150E333-8FDC-42A3-9474-1A3956D46DE8}") = "WindowsPhone7", "WindowsPhone7", "{4D483A15-3922-4DE8-99F9-B7E6926DD4AE}"
EndProject
Project("{FAE04EC0-301F-11D3-BF4B-00C04F79EFBC}") = "SharpZipLib.WindowsPhone7.Tests_Silverlight", "SharpZipLib.Silverlight.Tests_WindowsPhone7\SharpZipLib.WindowsPhone7.Tests_Silverlight.csproj", "{0F564263-6D40-4D93-82EF-B8072363254D}"
EndProject
Project("{FAE04EC0-301F-11D3-BF4B-00C04F79EFBC}") = "SharpZipLib.Silverlight3", "SharpZipLib.Silverlight\SharpZipLib.Silverlight3.csproj", "{0E04CCEE-8C99-4806-98F9-9A93294F402A}"
EndProject
Project("{FAE04EC0-301F-11D3-BF4B-00C04F79EFBC}") = "SharpZipLib.Silverlight.Tests_Silverlight3", "SharpZipLib.Silverlight.Tests_Silverlight3\SharpZipLib.Silverlight.Tests_Silverlight3.csproj", "{E536A767-64CF-4DFC-945A-737BAD013030}"
EndProject
Project("{2150E333-8FDC-42A3-9474-1A3956D46DE8}") = "QuickStarts", "QuickStarts", "{D6800B31-6394-4321-A87D-0D9DABF3FD7F}"
EndProject
Project("{2150E333-8FDC-42A3-9474-1A3956D46DE8}") = "Silverlight3", "Silverlight3", "{E2780932-384B-4980-B70D-D002F547F7C1}"
EndProject
Project("{2150E333-8FDC-42A3-9474-1A3956D46DE8}") = "Silverlight4", "Silverlight4", "{BF25585D-BC02-4E08-8609-979321C56CDC}"
EndProject
Project("{2150E333-8FDC-42A3-9474-1A3956D46DE8}") = "WindowsPhone7", "WindowsPhone7", "{7AA84EFE-3A03-4A2E-8EE3-0D699C26C69F}"
EndProject
Project("{FAE04EC0-301F-11D3-BF4B-00C04F79EFBC}") = "QuickStarts.Web", "QuickStarts\QuickStarts.Web\QuickStarts.Web.csproj", "{A36B65BB-7650-4B33-AEE1-8661BE08974E}"
EndProject
Project("{FAE04EC0-301F-11D3-BF4B-00C04F79EFBC}") = "QuickStart.Phone7", "QuickStarts\QuickStarts.WindowsPhone7\QuickStart.Phone7.csproj", "{7052EA3F-AEC7-4002-96BD-7A815B76C183}"
EndProject
Project("{FAE04EC0-301F-11D3-BF4B-00C04F79EFBC}") = "QuickStart.SL4", "QuickStarts\QuickStarts.Silverlight4\QuickStart.SL4.csproj", "{5FC0BACA-F44D-479D-B438-B424851721E9}"
EndProject
Project("{FAE04EC0-301F-11D3-BF4B-00C04F79EFBC}") = "QuickStart.SL3", "QuickStarts\QuickStarts.Silverlight3\QuickStart.SL3.csproj", "{A0777F3D-A27D-490D-A5A4-C033E2AE9972}"
EndProject
Global
	GlobalSection(SolutionConfigurationPlatforms) = preSolution
		Debug|Any CPU = Debug|Any CPU
		Release|Any CPU = Release|Any CPU
	EndGlobalSection
	GlobalSection(ProjectConfigurationPlatforms) = postSolution
		{8B7CF854-73A1-4882-B317-07625C13A425}.Debug|Any CPU.ActiveCfg = Debug|Any CPU
		{8B7CF854-73A1-4882-B317-07625C13A425}.Debug|Any CPU.Build.0 = Debug|Any CPU
		{8B7CF854-73A1-4882-B317-07625C13A425}.Release|Any CPU.ActiveCfg = Release|Any CPU
		{8B7CF854-73A1-4882-B317-07625C13A425}.Release|Any CPU.Build.0 = Release|Any CPU
		{7A716FCC-7C1A-47FD-A0C2-084598D394EC}.Debug|Any CPU.ActiveCfg = Debug|Any CPU
		{7A716FCC-7C1A-47FD-A0C2-084598D394EC}.Debug|Any CPU.Build.0 = Debug|Any CPU
		{7A716FCC-7C1A-47FD-A0C2-084598D394EC}.Release|Any CPU.ActiveCfg = Release|Any CPU
		{7A716FCC-7C1A-47FD-A0C2-084598D394EC}.Release|Any CPU.Build.0 = Release|Any CPU
		{3A9A8C38-EF8D-4775-9347-EB1A1C63D6F5}.Debug|Any CPU.ActiveCfg = Debug|Any CPU
		{3A9A8C38-EF8D-4775-9347-EB1A1C63D6F5}.Debug|Any CPU.Build.0 = Debug|Any CPU
		{3A9A8C38-EF8D-4775-9347-EB1A1C63D6F5}.Release|Any CPU.ActiveCfg = Release|Any CPU
		{3A9A8C38-EF8D-4775-9347-EB1A1C63D6F5}.Release|Any CPU.Build.0 = Release|Any CPU
		{86D9D917-F4FC-45BF-89DD-B3C618952438}.Debug|Any CPU.ActiveCfg = Debug|Any CPU
		{86D9D917-F4FC-45BF-89DD-B3C618952438}.Debug|Any CPU.Build.0 = Debug|Any CPU
		{86D9D917-F4FC-45BF-89DD-B3C618952438}.Release|Any CPU.ActiveCfg = Release|Any CPU
		{86D9D917-F4FC-45BF-89DD-B3C618952438}.Release|Any CPU.Build.0 = Release|Any CPU
		{7012523D-758D-4270-B4B0-8D85A0BD3EF2}.Debug|Any CPU.ActiveCfg = Debug|Any CPU
		{7012523D-758D-4270-B4B0-8D85A0BD3EF2}.Debug|Any CPU.Build.0 = Debug|Any CPU
		{7012523D-758D-4270-B4B0-8D85A0BD3EF2}.Release|Any CPU.ActiveCfg = Release|Any CPU
		{7012523D-758D-4270-B4B0-8D85A0BD3EF2}.Release|Any CPU.Build.0 = Release|Any CPU
		{7B257BE0-BAA4-4877-800C-05DDDAFB6443}.Debug|Any CPU.ActiveCfg = Debug|Any CPU
		{7B257BE0-BAA4-4877-800C-05DDDAFB6443}.Debug|Any CPU.Build.0 = Debug|Any CPU
		{7B257BE0-BAA4-4877-800C-05DDDAFB6443}.Release|Any CPU.ActiveCfg = Release|Any CPU
		{7B257BE0-BAA4-4877-800C-05DDDAFB6443}.Release|Any CPU.Build.0 = Release|Any CPU
		{0F564263-6D40-4D93-82EF-B8072363254D}.Debug|Any CPU.ActiveCfg = Debug|Any CPU
		{0F564263-6D40-4D93-82EF-B8072363254D}.Debug|Any CPU.Build.0 = Debug|Any CPU
		{0F564263-6D40-4D93-82EF-B8072363254D}.Debug|Any CPU.Deploy.0 = Debug|Any CPU
		{0F564263-6D40-4D93-82EF-B8072363254D}.Release|Any CPU.ActiveCfg = Release|Any CPU
		{0F564263-6D40-4D93-82EF-B8072363254D}.Release|Any CPU.Build.0 = Release|Any CPU
		{0F564263-6D40-4D93-82EF-B8072363254D}.Release|Any CPU.Deploy.0 = Release|Any CPU
		{0E04CCEE-8C99-4806-98F9-9A93294F402A}.Debug|Any CPU.ActiveCfg = Debug|Any CPU
		{0E04CCEE-8C99-4806-98F9-9A93294F402A}.Debug|Any CPU.Build.0 = Debug|Any CPU
		{0E04CCEE-8C99-4806-98F9-9A93294F402A}.Release|Any CPU.ActiveCfg = Release|Any CPU
		{0E04CCEE-8C99-4806-98F9-9A93294F402A}.Release|Any CPU.Build.0 = Release|Any CPU
		{E536A767-64CF-4DFC-945A-737BAD013030}.Debug|Any CPU.ActiveCfg = Debug|Any CPU
		{E536A767-64CF-4DFC-945A-737BAD013030}.Debug|Any CPU.Build.0 = Debug|Any CPU
		{E536A767-64CF-4DFC-945A-737BAD013030}.Release|Any CPU.ActiveCfg = Release|Any CPU
		{E536A767-64CF-4DFC-945A-737BAD013030}.Release|Any CPU.Build.0 = Release|Any CPU
		{A36B65BB-7650-4B33-AEE1-8661BE08974E}.Debug|Any CPU.ActiveCfg = Debug|Any CPU
		{A36B65BB-7650-4B33-AEE1-8661BE08974E}.Debug|Any CPU.Build.0 = Debug|Any CPU
		{A36B65BB-7650-4B33-AEE1-8661BE08974E}.Release|Any CPU.ActiveCfg = Release|Any CPU
		{A36B65BB-7650-4B33-AEE1-8661BE08974E}.Release|Any CPU.Build.0 = Release|Any CPU
		{7052EA3F-AEC7-4002-96BD-7A815B76C183}.Debug|Any CPU.ActiveCfg = Debug|Any CPU
		{7052EA3F-AEC7-4002-96BD-7A815B76C183}.Debug|Any CPU.Build.0 = Debug|Any CPU
		{7052EA3F-AEC7-4002-96BD-7A815B76C183}.Debug|Any CPU.Deploy.0 = Debug|Any CPU
		{7052EA3F-AEC7-4002-96BD-7A815B76C183}.Release|Any CPU.ActiveCfg = Release|Any CPU
		{7052EA3F-AEC7-4002-96BD-7A815B76C183}.Release|Any CPU.Build.0 = Release|Any CPU
		{7052EA3F-AEC7-4002-96BD-7A815B76C183}.Release|Any CPU.Deploy.0 = Release|Any CPU
		{5FC0BACA-F44D-479D-B438-B424851721E9}.Debug|Any CPU.ActiveCfg = Debug|Any CPU
		{5FC0BACA-F44D-479D-B438-B424851721E9}.Debug|Any CPU.Build.0 = Debug|Any CPU
		{5FC0BACA-F44D-479D-B438-B424851721E9}.Release|Any CPU.ActiveCfg = Release|Any CPU
		{5FC0BACA-F44D-479D-B438-B424851721E9}.Release|Any CPU.Build.0 = Release|Any CPU
		{A0777F3D-A27D-490D-A5A4-C033E2AE9972}.Debug|Any CPU.ActiveCfg = Debug|Any CPU
		{A0777F3D-A27D-490D-A5A4-C033E2AE9972}.Debug|Any CPU.Build.0 = Debug|Any CPU
		{A0777F3D-A27D-490D-A5A4-C033E2AE9972}.Release|Any CPU.ActiveCfg = Release|Any CPU
		{A0777F3D-A27D-490D-A5A4-C033E2AE9972}.Release|Any CPU.Build.0 = Release|Any CPU
	EndGlobalSection
	GlobalSection(SolutionProperties) = preSolution
		HideSolutionNode = FALSE
	EndGlobalSection
	GlobalSection(NestedProjects) = preSolution
		{7A716FCC-7C1A-47FD-A0C2-084598D394EC} = {1331081B-02E6-4913-A5E8-4263F918F753}
		{3A9A8C38-EF8D-4775-9347-EB1A1C63D6F5} = {1331081B-02E6-4913-A5E8-4263F918F753}
		{86D9D917-F4FC-45BF-89DD-B3C618952438} = {1331081B-02E6-4913-A5E8-4263F918F753}
		{8B7CF854-73A1-4882-B317-07625C13A425} = {1331081B-02E6-4913-A5E8-4263F918F753}
		{7012523D-758D-4270-B4B0-8D85A0BD3EF2} = {9505CDBA-9F76-4AFD-B585-64D9D78B9F16}
		{0E04CCEE-8C99-4806-98F9-9A93294F402A} = {9505CDBA-9F76-4AFD-B585-64D9D78B9F16}
		{E536A767-64CF-4DFC-945A-737BAD013030} = {9505CDBA-9F76-4AFD-B585-64D9D78B9F16}
		{7B257BE0-BAA4-4877-800C-05DDDAFB6443} = {4D483A15-3922-4DE8-99F9-B7E6926DD4AE}
		{0F564263-6D40-4D93-82EF-B8072363254D} = {4D483A15-3922-4DE8-99F9-B7E6926DD4AE}
		{E2780932-384B-4980-B70D-D002F547F7C1} = {D6800B31-6394-4321-A87D-0D9DABF3FD7F}
		{BF25585D-BC02-4E08-8609-979321C56CDC} = {D6800B31-6394-4321-A87D-0D9DABF3FD7F}
		{7AA84EFE-3A03-4A2E-8EE3-0D699C26C69F} = {D6800B31-6394-4321-A87D-0D9DABF3FD7F}
		{A36B65BB-7650-4B33-AEE1-8661BE08974E} = {D6800B31-6394-4321-A87D-0D9DABF3FD7F}
		{A0777F3D-A27D-490D-A5A4-C033E2AE9972} = {E2780932-384B-4980-B70D-D002F547F7C1}
		{5FC0BACA-F44D-479D-B438-B424851721E9} = {BF25585D-BC02-4E08-8609-979321C56CDC}
		{7052EA3F-AEC7-4002-96BD-7A815B76C183} = {7AA84EFE-3A03-4A2E-8EE3-0D699C26C69F}
	EndGlobalSection
EndGlobal
