
Microsoft Visual Studio Solution File, Format Version 12.00
# Visual Studio 2013
VisualStudioVersion = 12.0.30723.0
MinimumVisualStudioVersion = 10.0.40219.1
Project("{FAE04EC0-301F-11D3-BF4B-00C04F79EFBC}") = "bookasawp7", "bookasawp7\bookasawp7.csproj", "{21DDC4F6-BF75-4189-954A-DFC5272EFBE3}"
	ProjectSection(ProjectDependencies) = postProject
		{38F38101-5103-42E1-916F-26032C874C86} = {38F38101-5103-42E1-916F-26032C874C86}
	EndProjectSection
EndProject
Project("{FAE04EC0-301F-11D3-BF4B-00C04F79EFBC}") = "txtreader", "txtreader\txtreader.csproj", "{38F38101-5103-42E1-916F-26032C874C86}"
EndProject
Project("{FAE04EC0-301F-11D3-BF4B-00C04F79EFBC}") = "pdfreader", "pdfreader\pdfreader.csproj", "{07790E73-3A49-4E15-A28A-1BA5DD770258}"
EndProject
Project("{FAE04EC0-301F-11D3-BF4B-00C04F79EFBC}") = "bookasam", "bookasam\bookasam.csproj", "{C56F041F-4884-4E7E-A3F9-53959CFC6B61}"
EndProject
Project("{FAE04EC0-301F-11D3-BF4B-00C04F79EFBC}") = "SharpZipLib.WindowsPhone7", "SharpZipLib\SharpZipLib.Silverlight\SharpZipLib.WindowsPhone7.csproj", "{7B257BE0-BAA4-4877-800C-05DDDAFB6443}"
EndProject
Project("{FAE04EC0-301F-11D3-BF4B-00C04F79EFBC}") = "SharpZipLib.WindowsPhone7.Tests_Silverlight", "SharpZipLib\SharpZipLib.Silverlight.Tests_WindowsPhone7\SharpZipLib.WindowsPhone7.Tests_Silverlight.csproj", "{0F564263-6D40-4D93-82EF-B8072363254D}"
EndProject
Project("{FAE04EC0-301F-11D3-BF4B-00C04F79EFBC}") = "epubreader", "epubreader\epubreader.csproj", "{EAEE6E30-A9E6-4A10-85AD-0B3D3FDFCD5A}"
EndProject
Global
	GlobalSection(SolutionConfigurationPlatforms) = preSolution
		Debug|Any CPU = Debug|Any CPU
		Debug|ARM = Debug|ARM
		Debug|x86 = Debug|x86
		Release|Any CPU = Release|Any CPU
		Release|ARM = Release|ARM
		Release|x86 = Release|x86
	EndGlobalSection
	GlobalSection(ProjectConfigurationPlatforms) = postSolution
		{21DDC4F6-BF75-4189-954A-DFC5272EFBE3}.Debug|Any CPU.ActiveCfg = Debug|Any CPU
		{21DDC4F6-BF75-4189-954A-DFC5272EFBE3}.Debug|Any CPU.Build.0 = Debug|Any CPU
		{21DDC4F6-BF75-4189-954A-DFC5272EFBE3}.Debug|Any CPU.Deploy.0 = Debug|Any CPU
		{21DDC4F6-BF75-4189-954A-DFC5272EFBE3}.Debug|ARM.ActiveCfg = Debug|ARM
		{21DDC4F6-BF75-4189-954A-DFC5272EFBE3}.Debug|ARM.Build.0 = Debug|ARM
		{21DDC4F6-BF75-4189-954A-DFC5272EFBE3}.Debug|ARM.Deploy.0 = Debug|ARM
		{21DDC4F6-BF75-4189-954A-DFC5272EFBE3}.Debug|x86.ActiveCfg = Debug|x86
		{21DDC4F6-BF75-4189-954A-DFC5272EFBE3}.Debug|x86.Build.0 = Debug|x86
		{21DDC4F6-BF75-4189-954A-DFC5272EFBE3}.Debug|x86.Deploy.0 = Debug|x86
		{21DDC4F6-BF75-4189-954A-DFC5272EFBE3}.Release|Any CPU.ActiveCfg = Release|Any CPU
		{21DDC4F6-BF75-4189-954A-DFC5272EFBE3}.Release|Any CPU.Build.0 = Release|Any CPU
		{21DDC4F6-BF75-4189-954A-DFC5272EFBE3}.Release|Any CPU.Deploy.0 = Release|Any CPU
		{21DDC4F6-BF75-4189-954A-DFC5272EFBE3}.Release|ARM.ActiveCfg = Release|ARM
		{21DDC4F6-BF75-4189-954A-DFC5272EFBE3}.Release|ARM.Build.0 = Release|ARM
		{21DDC4F6-BF75-4189-954A-DFC5272EFBE3}.Release|ARM.Deploy.0 = Release|ARM
		{21DDC4F6-BF75-4189-954A-DFC5272EFBE3}.Release|x86.ActiveCfg = Release|x86
		{21DDC4F6-BF75-4189-954A-DFC5272EFBE3}.Release|x86.Build.0 = Release|x86
		{21DDC4F6-BF75-4189-954A-DFC5272EFBE3}.Release|x86.Deploy.0 = Release|x86
		{38F38101-5103-42E1-916F-26032C874C86}.Debug|Any CPU.ActiveCfg = Debug|Any CPU
		{38F38101-5103-42E1-916F-26032C874C86}.Debug|Any CPU.Build.0 = Debug|Any CPU
		{38F38101-5103-42E1-916F-26032C874C86}.Debug|ARM.ActiveCfg = Debug|Any CPU
		{38F38101-5103-42E1-916F-26032C874C86}.Debug|x86.ActiveCfg = Debug|Any CPU
		{38F38101-5103-42E1-916F-26032C874C86}.Release|Any CPU.ActiveCfg = Release|Any CPU
		{38F38101-5103-42E1-916F-26032C874C86}.Release|Any CPU.Build.0 = Release|Any CPU
		{38F38101-5103-42E1-916F-26032C874C86}.Release|ARM.ActiveCfg = Release|Any CPU
		{38F38101-5103-42E1-916F-26032C874C86}.Release|x86.ActiveCfg = Release|Any CPU
		{07790E73-3A49-4E15-A28A-1BA5DD770258}.Debug|Any CPU.ActiveCfg = Debug|Any CPU
		{07790E73-3A49-4E15-A28A-1BA5DD770258}.Debug|Any CPU.Build.0 = Debug|Any CPU
		{07790E73-3A49-4E15-A28A-1BA5DD770258}.Debug|ARM.ActiveCfg = Debug|Any CPU
		{07790E73-3A49-4E15-A28A-1BA5DD770258}.Debug|x86.ActiveCfg = Debug|Any CPU
		{07790E73-3A49-4E15-A28A-1BA5DD770258}.Release|Any CPU.ActiveCfg = Release|Any CPU
		{07790E73-3A49-4E15-A28A-1BA5DD770258}.Release|Any CPU.Build.0 = Release|Any CPU
		{07790E73-3A49-4E15-A28A-1BA5DD770258}.Release|ARM.ActiveCfg = Release|Any CPU
		{07790E73-3A49-4E15-A28A-1BA5DD770258}.Release|x86.ActiveCfg = Release|Any CPU
		{C56F041F-4884-4E7E-A3F9-53959CFC6B61}.Debug|Any CPU.ActiveCfg = Debug|Any CPU
		{C56F041F-4884-4E7E-A3F9-53959CFC6B61}.Debug|Any CPU.Build.0 = Debug|Any CPU
		{C56F041F-4884-4E7E-A3F9-53959CFC6B61}.Debug|Any CPU.Deploy.0 = Debug|Any CPU
		{C56F041F-4884-4E7E-A3F9-53959CFC6B61}.Debug|ARM.ActiveCfg = Debug|ARM
		{C56F041F-4884-4E7E-A3F9-53959CFC6B61}.Debug|ARM.Build.0 = Debug|ARM
		{C56F041F-4884-4E7E-A3F9-53959CFC6B61}.Debug|ARM.Deploy.0 = Debug|ARM
		{C56F041F-4884-4E7E-A3F9-53959CFC6B61}.Debug|x86.ActiveCfg = Debug|x86
		{C56F041F-4884-4E7E-A3F9-53959CFC6B61}.Debug|x86.Build.0 = Debug|x86
		{C56F041F-4884-4E7E-A3F9-53959CFC6B61}.Debug|x86.Deploy.0 = Debug|x86
		{C56F041F-4884-4E7E-A3F9-53959CFC6B61}.Release|Any CPU.ActiveCfg = Release|Any CPU
		{C56F041F-4884-4E7E-A3F9-53959CFC6B61}.Release|Any CPU.Build.0 = Release|Any CPU
		{C56F041F-4884-4E7E-A3F9-53959CFC6B61}.Release|Any CPU.Deploy.0 = Release|Any CPU
		{C56F041F-4884-4E7E-A3F9-53959CFC6B61}.Release|ARM.ActiveCfg = Release|ARM
		{C56F041F-4884-4E7E-A3F9-53959CFC6B61}.Release|ARM.Build.0 = Release|ARM
		{C56F041F-4884-4E7E-A3F9-53959CFC6B61}.Release|ARM.Deploy.0 = Release|ARM
		{C56F041F-4884-4E7E-A3F9-53959CFC6B61}.Release|x86.ActiveCfg = Release|x86
		{C56F041F-4884-4E7E-A3F9-53959CFC6B61}.Release|x86.Build.0 = Release|x86
		{C56F041F-4884-4E7E-A3F9-53959CFC6B61}.Release|x86.Deploy.0 = Release|x86
		{7B257BE0-BAA4-4877-800C-05DDDAFB6443}.Debug|Any CPU.ActiveCfg = Debug|Any CPU
		{7B257BE0-BAA4-4877-800C-05DDDAFB6443}.Debug|Any CPU.Build.0 = Debug|Any CPU
		{7B257BE0-BAA4-4877-800C-05DDDAFB6443}.Debug|ARM.ActiveCfg = Debug|ARM
		{7B257BE0-BAA4-4877-800C-05DDDAFB6443}.Debug|ARM.Build.0 = Debug|ARM
		{7B257BE0-BAA4-4877-800C-05DDDAFB6443}.Debug|x86.ActiveCfg = Debug|x86
		{7B257BE0-BAA4-4877-800C-05DDDAFB6443}.Debug|x86.Build.0 = Debug|x86
		{7B257BE0-BAA4-4877-800C-05DDDAFB6443}.Release|Any CPU.ActiveCfg = Release|Any CPU
		{7B257BE0-BAA4-4877-800C-05DDDAFB6443}.Release|Any CPU.Build.0 = Release|Any CPU
		{7B257BE0-BAA4-4877-800C-05DDDAFB6443}.Release|ARM.ActiveCfg = Release|ARM
		{7B257BE0-BAA4-4877-800C-05DDDAFB6443}.Release|ARM.Build.0 = Release|ARM
		{7B257BE0-BAA4-4877-800C-05DDDAFB6443}.Release|x86.ActiveCfg = Release|x86
		{7B257BE0-BAA4-4877-800C-05DDDAFB6443}.Release|x86.Build.0 = Release|x86
		{0F564263-6D40-4D93-82EF-B8072363254D}.Debug|Any CPU.ActiveCfg = Debug|Any CPU
		{0F564263-6D40-4D93-82EF-B8072363254D}.Debug|Any CPU.Build.0 = Debug|Any CPU
		{0F564263-6D40-4D93-82EF-B8072363254D}.Debug|Any CPU.Deploy.0 = Debug|Any CPU
		{0F564263-6D40-4D93-82EF-B8072363254D}.Debug|ARM.ActiveCfg = Debug|Any CPU
		{0F564263-6D40-4D93-82EF-B8072363254D}.Debug|x86.ActiveCfg = Debug|Any CPU
		{0F564263-6D40-4D93-82EF-B8072363254D}.Release|Any CPU.ActiveCfg = Release|Any CPU
		{0F564263-6D40-4D93-82EF-B8072363254D}.Release|Any CPU.Build.0 = Release|Any CPU
		{0F564263-6D40-4D93-82EF-B8072363254D}.Release|Any CPU.Deploy.0 = Release|Any CPU
		{0F564263-6D40-4D93-82EF-B8072363254D}.Release|ARM.ActiveCfg = Release|Any CPU
		{0F564263-6D40-4D93-82EF-B8072363254D}.Release|x86.ActiveCfg = Release|Any CPU
		{EAEE6E30-A9E6-4A10-85AD-0B3D3FDFCD5A}.Debug|Any CPU.ActiveCfg = Debug|Any CPU
		{EAEE6E30-A9E6-4A10-85AD-0B3D3FDFCD5A}.Debug|Any CPU.Build.0 = Debug|Any CPU
		{EAEE6E30-A9E6-4A10-85AD-0B3D3FDFCD5A}.Debug|ARM.ActiveCfg = Debug|ARM
		{EAEE6E30-A9E6-4A10-85AD-0B3D3FDFCD5A}.Debug|ARM.Build.0 = Debug|ARM
		{EAEE6E30-A9E6-4A10-85AD-0B3D3FDFCD5A}.Debug|x86.ActiveCfg = Debug|x86
		{EAEE6E30-A9E6-4A10-85AD-0B3D3FDFCD5A}.Debug|x86.Build.0 = Debug|x86
		{EAEE6E30-A9E6-4A10-85AD-0B3D3FDFCD5A}.Release|Any CPU.ActiveCfg = Release|Any CPU
		{EAEE6E30-A9E6-4A10-85AD-0B3D3FDFCD5A}.Release|Any CPU.Build.0 = Release|Any CPU
		{EAEE6E30-A9E6-4A10-85AD-0B3D3FDFCD5A}.Release|ARM.ActiveCfg = Release|ARM
		{EAEE6E30-A9E6-4A10-85AD-0B3D3FDFCD5A}.Release|ARM.Build.0 = Release|ARM
		{EAEE6E30-A9E6-4A10-85AD-0B3D3FDFCD5A}.Release|x86.ActiveCfg = Release|x86
		{EAEE6E30-A9E6-4A10-85AD-0B3D3FDFCD5A}.Release|x86.Build.0 = Release|x86
	EndGlobalSection
	GlobalSection(SolutionProperties) = preSolution
		HideSolutionNode = FALSE
	EndGlobalSection
	GlobalSection(SubversionScc) = preSolution
		Svn-Managed = True
		Manager = AnkhSVN - Subversion Support for Visual Studio
	EndGlobalSection
EndGlobal
